
Microsoft Visual Studio Solution File, Format Version 12.00
# Visual Studio Version 16
VisualStudioVersion = 16.0.29709.97
MinimumVisualStudioVersion = 10.0.40219.1
Project("{FAE04EC0-301F-11D3-BF4B-00C04F79EFBC}") = "Karta Graficzna", "Karta Graficzna.csproj", "{CE513D48-531F-4077-8D4E-857B62FD1729}"
EndProject
Global
	GlobalSection(SolutionConfigurationPlatforms) = preSolution
		Debug|Any CPU = Debug|Any CPU
		Release|Any CPU = Release|Any CPU
	EndGlobalSection
	GlobalSection(ProjectConfigurationPlatforms) = postSolution
		{CE513D48-531F-4077-8D4E-857B62FD1729}.Debug|Any CPU.ActiveCfg = Debug|Any CPU
		{CE513D48-531F-4077-8D4E-857B62FD1729}.Debug|Any CPU.Build.0 = Debug|Any CPU
		{CE513D48-531F-4077-8D4E-857B62FD1729}.Release|Any CPU.ActiveCfg = Release|Any CPU
		{CE513D48-531F-4077-8D4E-857B62FD1729}.Release|Any CPU.Build.0 = Release|Any CPU
	EndGlobalSection
	GlobalSection(SolutionProperties) = preSolution
		HideSolutionNode = FALSE
	EndGlobalSection
	GlobalSection(ExtensibilityGlobals) = postSolution
		SolutionGuid = {984E8DA2-82B6-4903-80C7-900BBA5420BC}
	EndGlobalSection
EndGlobal
